
Microsoft Visual Studio Solution File, Format Version 12.00
# Visual Studio Version 17
VisualStudioVersion = 17.9.34902.65
MinimumVisualStudioVersion = 10.0.40219.1
Project("{FAE04EC0-301F-11D3-BF4B-00C04F79EFBC}") = "CrudNet8MVC", "CrudNet8MVC\CrudNet8MVC.csproj", "{6EAB1DEE-6098-4E23-9F86-5E113CEA1ECD}"
EndProject
Global
	GlobalSection(SolutionConfigurationPlatforms) = preSolution
		Debug|Any CPU = Debug|Any CPU
		Release|Any CPU = Release|Any CPU
	EndGlobalSection
	GlobalSection(ProjectConfigurationPlatforms) = postSolution
		{6EAB1DEE-6098-4E23-9F86-5E113CEA1ECD}.Debug|Any CPU.ActiveCfg = Debug|Any CPU
		{6EAB1DEE-6098-4E23-9F86-5E113CEA1ECD}.Debug|Any CPU.Build.0 = Debug|Any CPU
		{6EAB1DEE-6098-4E23-9F86-5E113CEA1ECD}.Release|Any CPU.ActiveCfg = Release|Any CPU
		{6EAB1DEE-6098-4E23-9F86-5E113CEA1ECD}.Release|Any CPU.Build.0 = Release|Any CPU
	EndGlobalSection
	GlobalSection(SolutionProperties) = preSolution
		HideSolutionNode = FALSE
	EndGlobalSection
	GlobalSection(ExtensibilityGlobals) = postSolution
		SolutionGuid = {56391E01-B6A0-4DE8-823F-761CA191B030}
	EndGlobalSection
EndGlobal
